// !$*UTF8*$!
{
	archiveVersion = 1;
	classes = {
	};
	objectVersion = 56;
	objects = {

/* Begin PBXBuildFile section */
		DEA065DE2B547E7400BB6D0D /* ContentView.swift in Sources */ = {isa = PBXBuildFile; fileRef = DEA065DD2B547E7400BB6D0D /* ContentView.swift */; };
		DEA065E02B547E7500BB6D0D /* Assets.xcassets in Resources */ = {isa = PBXBuildFile; fileRef = DEA065DF2B547E7500BB6D0D /* Assets.xcassets */; };
		DEA066102B549A4500BB6D0D /* Decks_for_AppreciationApp.swift in Sources */ = {isa = PBXBuildFile; fileRef = DEA0660F2B549A4500BB6D0D /* Decks_for_AppreciationApp.swift */; };
		DEA066122B549A9800BB6D0D /* LoginView.swift in Sources */ = {isa = PBXBuildFile; fileRef = DEA066112B549A9800BB6D0D /* LoginView.swift */; };
		DEA066142B549BF800BB6D0D /* Decks of Appreciation.png in Resources */ = {isa = PBXBuildFile; fileRef = DEA066132B549BF800BB6D0D /* Decks of Appreciation.png */; };
		DEA066172B549D7B00BB6D0D /* InputView.swift in Sources */ = {isa = PBXBuildFile; fileRef = DEA066162B549D7B00BB6D0D /* InputView.swift */; };
		DEA066192B54A42900BB6D0D /* RegistrationView.swift in Sources */ = {isa = PBXBuildFile; fileRef = DEA066182B54A42900BB6D0D /* RegistrationView.swift */; };
		DEA0661B2B54A7CE00BB6D0D /* ProfileView.swift in Sources */ = {isa = PBXBuildFile; fileRef = DEA0661A2B54A7CE00BB6D0D /* ProfileView.swift */; };
		DEA0661F2B54A9C600BB6D0D /* SettingsRowView.swift in Sources */ = {isa = PBXBuildFile; fileRef = DEA0661E2B54A9C600BB6D0D /* SettingsRowView.swift */; };
		DEA066212B54ABD300BB6D0D /* User.swift in Sources */ = {isa = PBXBuildFile; fileRef = DEA066202B54ABD300BB6D0D /* User.swift */; };
		DEA066232B54B23300BB6D0D /* GoogleService-Info.plist in Resources */ = {isa = PBXBuildFile; fileRef = DEA066222B54B23300BB6D0D /* GoogleService-Info.plist */; };
		DEA066262B54B42B00BB6D0D /* FirebaseAuth in Frameworks */ = {isa = PBXBuildFile; productRef = DEA066252B54B42B00BB6D0D /* FirebaseAuth */; };
		DEA066282B54B42B00BB6D0D /* FirebaseFirestore in Frameworks */ = {isa = PBXBuildFile; productRef = DEA066272B54B42B00BB6D0D /* FirebaseFirestore */; };
		DEA0662A2B54B42B00BB6D0D /* FirebaseFirestoreSwift in Frameworks */ = {isa = PBXBuildFile; productRef = DEA066292B54B42B00BB6D0D /* FirebaseFirestoreSwift */; };
		DEA0662C2B54B42B00BB6D0D /* FirebaseStorage in Frameworks */ = {isa = PBXBuildFile; productRef = DEA0662B2B54B42B00BB6D0D /* FirebaseStorage */; };
		DEA066302B54B47400BB6D0D /* AuthViewModel.swift in Sources */ = {isa = PBXBuildFile; fileRef = DEA0662F2B54B47400BB6D0D /* AuthViewModel.swift */; };
/* End PBXBuildFile section */

/* Begin PBXContainerItemProxy section */
		DEA065E92B547E7500BB6D0D /* PBXContainerItemProxy */ = {
			isa = PBXContainerItemProxy;
			containerPortal = DEA065D02B547E7400BB6D0D /* Project object */;
			proxyType = 1;
			remoteGlobalIDString = DEA065D72B547E7400BB6D0D;
			remoteInfo = "Decks for Appreciation";
		};
		DEA065F32B547E7500BB6D0D /* PBXContainerItemProxy */ = {
			isa = PBXContainerItemProxy;
			containerPortal = DEA065D02B547E7400BB6D0D /* Project object */;
			proxyType = 1;
			remoteGlobalIDString = DEA065D72B547E7400BB6D0D;
			remoteInfo = "Decks for Appreciation";
		};
/* End PBXContainerItemProxy section */

/* Begin PBXFileReference section */
		DEA065D82B547E7400BB6D0D /* Decks for Appreciation.app */ = {isa = PBXFileReference; explicitFileType = wrapper.application; includeInIndex = 0; path = "Decks for Appreciation.app"; sourceTree = BUILT_PRODUCTS_DIR; };
		DEA065DD2B547E7400BB6D0D /* ContentView.swift */ = {isa = PBXFileReference; lastKnownFileType = sourcecode.swift; path = ContentView.swift; sourceTree = "<group>"; };
		DEA065DF2B547E7500BB6D0D /* Assets.xcassets */ = {isa = PBXFileReference; lastKnownFileType = folder.assetcatalog; path = Assets.xcassets; sourceTree = "<group>"; };
		DEA065E82B547E7500BB6D0D /* Decks for AppreciationTests.xctest */ = {isa = PBXFileReference; explicitFileType = wrapper.cfbundle; includeInIndex = 0; path = "Decks for AppreciationTests.xctest"; sourceTree = BUILT_PRODUCTS_DIR; };
		DEA065F22B547E7500BB6D0D /* Decks for AppreciationUITests.xctest */ = {isa = PBXFileReference; explicitFileType = wrapper.cfbundle; includeInIndex = 0; path = "Decks for AppreciationUITests.xctest"; sourceTree = BUILT_PRODUCTS_DIR; };
		DEA0660F2B549A4500BB6D0D /* Decks_for_AppreciationApp.swift */ = {isa = PBXFileReference; fileEncoding = 4; lastKnownFileType = sourcecode.swift; path = Decks_for_AppreciationApp.swift; sourceTree = "<group>"; };
		DEA066112B549A9800BB6D0D /* LoginView.swift */ = {isa = PBXFileReference; lastKnownFileType = sourcecode.swift; path = LoginView.swift; sourceTree = "<group>"; };
		DEA066132B549BF800BB6D0D /* Decks of Appreciation.png */ = {isa = PBXFileReference; lastKnownFileType = image.png; path = "Decks of Appreciation.png"; sourceTree = "<group>"; };
		DEA066162B549D7B00BB6D0D /* InputView.swift */ = {isa = PBXFileReference; lastKnownFileType = sourcecode.swift; path = InputView.swift; sourceTree = "<group>"; };
		DEA066182B54A42900BB6D0D /* RegistrationView.swift */ = {isa = PBXFileReference; lastKnownFileType = sourcecode.swift; path = RegistrationView.swift; sourceTree = "<group>"; };
		DEA0661A2B54A7CE00BB6D0D /* ProfileView.swift */ = {isa = PBXFileReference; lastKnownFileType = sourcecode.swift; path = ProfileView.swift; sourceTree = "<group>"; };
		DEA0661E2B54A9C600BB6D0D /* SettingsRowView.swift */ = {isa = PBXFileReference; lastKnownFileType = sourcecode.swift; path = SettingsRowView.swift; sourceTree = "<group>"; };
		DEA066202B54ABD300BB6D0D /* User.swift */ = {isa = PBXFileReference; lastKnownFileType = sourcecode.swift; path = User.swift; sourceTree = "<group>"; };
		DEA066222B54B23300BB6D0D /* GoogleService-Info.plist */ = {isa = PBXFileReference; lastKnownFileType = text.plist; path = "GoogleService-Info.plist"; sourceTree = SOURCE_ROOT; };
		DEA0662F2B54B47400BB6D0D /* AuthViewModel.swift */ = {isa = PBXFileReference; lastKnownFileType = sourcecode.swift; path = AuthViewModel.swift; sourceTree = "<group>"; };
/* End PBXFileReference section */

/* Begin PBXFrameworksBuildPhase section */
		DEA065D52B547E7400BB6D0D /* Frameworks */ = {
			isa = PBXFrameworksBuildPhase;
			buildActionMask = 2147483647;
			files = (
				DEA066262B54B42B00BB6D0D /* FirebaseAuth in Frameworks */,
				DEA0662C2B54B42B00BB6D0D /* FirebaseStorage in Frameworks */,
				DEA066282B54B42B00BB6D0D /* FirebaseFirestore in Frameworks */,
				DEA0662A2B54B42B00BB6D0D /* FirebaseFirestoreSwift in Frameworks */,
			);
			runOnlyForDeploymentPostprocessing = 0;
		};
		DEA065E52B547E7500BB6D0D /* Frameworks */ = {
			isa = PBXFrameworksBuildPhase;
			buildActionMask = 2147483647;
			files = (
			);
			runOnlyForDeploymentPostprocessing = 0;
		};
		DEA065EF2B547E7500BB6D0D /* Frameworks */ = {
			isa = PBXFrameworksBuildPhase;
			buildActionMask = 2147483647;
			files = (
			);
			runOnlyForDeploymentPostprocessing = 0;
		};
/* End PBXFrameworksBuildPhase section */

/* Begin PBXGroup section */
		DEA065CF2B547E7400BB6D0D = {
			isa = PBXGroup;
			children = (
				DEA065DA2B547E7400BB6D0D /* Decks for Appreciation */,
				DEA065D92B547E7400BB6D0D /* Products */,
			);
			sourceTree = "<group>";
		};
		DEA065D92B547E7400BB6D0D /* Products */ = {
			isa = PBXGroup;
			children = (
				DEA065D82B547E7400BB6D0D /* Decks for Appreciation.app */,
				DEA065E82B547E7500BB6D0D /* Decks for AppreciationTests.xctest */,
				DEA065F22B547E7500BB6D0D /* Decks for AppreciationUITests.xctest */,
			);
			name = Products;
			sourceTree = "<group>";
		};
		DEA065DA2B547E7400BB6D0D /* Decks for Appreciation */ = {
			isa = PBXGroup;
			children = (
				DEA0660A2B54991200BB6D0D /* App */,
				DEA066092B54991100BB6D0D /* Components */,
				DEA066082B54991000BB6D0D /* Core */,
				DEA066072B54990F00BB6D0D /* Model */,
				DEA065DF2B547E7500BB6D0D /* Assets.xcassets */,
				DEA066132B549BF800BB6D0D /* Decks of Appreciation.png */,
				DEA066222B54B23300BB6D0D /* GoogleService-Info.plist */,
				DEA065E12B547E7500BB6D0D /* Preview Content */,
			);
			path = "Decks for Appreciation";
			sourceTree = "<group>";
		};
		DEA065E12B547E7500BB6D0D /* Preview Content */ = {
			isa = PBXGroup;
			children = (
			);
			path = "Preview Content";
			sourceTree = "<group>";
		};
		DEA066072B54990F00BB6D0D /* Model */ = {
			isa = PBXGroup;
			children = (
				DEA066202B54ABD300BB6D0D /* User.swift */,
			);
			path = Model;
			sourceTree = "<group>";
		};
		DEA066082B54991000BB6D0D /* Core */ = {
			isa = PBXGroup;
			children = (
				DEA0660D2B54994B00BB6D0D /* Authentication */,
				DEA0660C2B54994A00BB6D0D /* Profile */,
				DEA0660E2B54995A00BB6D0D /* Root */,
			);
			path = Core;
			sourceTree = "<group>";
		};
		DEA066092B54991100BB6D0D /* Components */ = {
			isa = PBXGroup;
			children = (
				DEA066162B549D7B00BB6D0D /* InputView.swift */,
				DEA0661E2B54A9C600BB6D0D /* SettingsRowView.swift */,
			);
			path = Components;
			sourceTree = "<group>";
		};
		DEA0660A2B54991200BB6D0D /* App */ = {
			isa = PBXGroup;
			children = (
				DEA0660F2B549A4500BB6D0D /* Decks_for_AppreciationApp.swift */,
			);
			path = App;
			sourceTree = "<group>";
		};
		DEA0660C2B54994A00BB6D0D /* Profile */ = {
			isa = PBXGroup;
			children = (
				DEA0661A2B54A7CE00BB6D0D /* ProfileView.swift */,
			);
			path = Profile;
			sourceTree = "<group>";
		};
		DEA0660D2B54994B00BB6D0D /* Authentication */ = {
			isa = PBXGroup;
			children = (
				DEA0662E2B54B45400BB6D0D /* ViewModel */,
				DEA0662D2B54B45100BB6D0D /* View */,
			);
			path = Authentication;
			sourceTree = "<group>";
		};
		DEA0660E2B54995A00BB6D0D /* Root */ = {
			isa = PBXGroup;
			children = (
				DEA065DD2B547E7400BB6D0D /* ContentView.swift */,
			);
			path = Root;
			sourceTree = "<group>";
		};
		DEA0662D2B54B45100BB6D0D /* View */ = {
			isa = PBXGroup;
			children = (
				DEA066112B549A9800BB6D0D /* LoginView.swift */,
				DEA066182B54A42900BB6D0D /* RegistrationView.swift */,
			);
			path = View;
			sourceTree = "<group>";
		};
		DEA0662E2B54B45400BB6D0D /* ViewModel */ = {
			isa = PBXGroup;
			children = (
				DEA0662F2B54B47400BB6D0D /* AuthViewModel.swift */,
			);
			path = ViewModel;
			sourceTree = "<group>";
		};
/* End PBXGroup section */

/* Begin PBXNativeTarget section */
		DEA065D72B547E7400BB6D0D /* Decks for Appreciation */ = {
			isa = PBXNativeTarget;
			buildConfigurationList = DEA065FC2B547E7500BB6D0D /* Build configuration list for PBXNativeTarget "Decks for Appreciation" */;
			buildPhases = (
				DEA065D42B547E7400BB6D0D /* Sources */,
				DEA065D52B547E7400BB6D0D /* Frameworks */,
				DEA065D62B547E7400BB6D0D /* Resources */,
			);
			buildRules = (
			);
			dependencies = (
			);
			name = "Decks for Appreciation";
			packageProductDependencies = (
				DEA066252B54B42B00BB6D0D /* FirebaseAuth */,
				DEA066272B54B42B00BB6D0D /* FirebaseFirestore */,
				DEA066292B54B42B00BB6D0D /* FirebaseFirestoreSwift */,
				DEA0662B2B54B42B00BB6D0D /* FirebaseStorage */,
			);
			productName = "Decks for Appreciation";
			productReference = DEA065D82B547E7400BB6D0D /* Decks for Appreciation.app */;
			productType = "com.apple.product-type.application";
		};
		DEA065E72B547E7500BB6D0D /* Decks for AppreciationTests */ = {
			isa = PBXNativeTarget;
			buildConfigurationList = DEA065FF2B547E7500BB6D0D /* Build configuration list for PBXNativeTarget "Decks for AppreciationTests" */;
			buildPhases = (
				DEA065E42B547E7500BB6D0D /* Sources */,
				DEA065E52B547E7500BB6D0D /* Frameworks */,
				DEA065E62B547E7500BB6D0D /* Resources */,
			);
			buildRules = (
			);
			dependencies = (
				DEA065EA2B547E7500BB6D0D /* PBXTargetDependency */,
			);
			name = "Decks for AppreciationTests";
			productName = "Decks for AppreciationTests";
			productReference = DEA065E82B547E7500BB6D0D /* Decks for AppreciationTests.xctest */;
			productType = "com.apple.product-type.bundle.unit-test";
		};
		DEA065F12B547E7500BB6D0D /* Decks for AppreciationUITests */ = {
			isa = PBXNativeTarget;
			buildConfigurationList = DEA066022B547E7500BB6D0D /* Build configuration list for PBXNativeTarget "Decks for AppreciationUITests" */;
			buildPhases = (
				DEA065EE2B547E7500BB6D0D /* Sources */,
				DEA065EF2B547E7500BB6D0D /* Frameworks */,
				DEA065F02B547E7500BB6D0D /* Resources */,
			);
			buildRules = (
			);
			dependencies = (
				DEA065F42B547E7500BB6D0D /* PBXTargetDependency */,
			);
			name = "Decks for AppreciationUITests";
			productName = "Decks for AppreciationUITests";
			productReference = DEA065F22B547E7500BB6D0D /* Decks for AppreciationUITests.xctest */;
			productType = "com.apple.product-type.bundle.ui-testing";
		};
/* End PBXNativeTarget section */

/* Begin PBXProject section */
		DEA065D02B547E7400BB6D0D /* Project object */ = {
			isa = PBXProject;
			attributes = {
				BuildIndependentTargetsInParallel = 1;
				LastSwiftUpdateCheck = 1520;
				LastUpgradeCheck = 1520;
				TargetAttributes = {
					DEA065D72B547E7400BB6D0D = {
						CreatedOnToolsVersion = 15.2;
					};
					DEA065E72B547E7500BB6D0D = {
						CreatedOnToolsVersion = 15.2;
						TestTargetID = DEA065D72B547E7400BB6D0D;
					};
					DEA065F12B547E7500BB6D0D = {
						CreatedOnToolsVersion = 15.2;
						TestTargetID = DEA065D72B547E7400BB6D0D;
					};
				};
			};
			buildConfigurationList = DEA065D32B547E7400BB6D0D /* Build configuration list for PBXProject "Decks for Appreciation" */;
			compatibilityVersion = "Xcode 14.0";
			developmentRegion = en;
			hasScannedForEncodings = 0;
			knownRegions = (
				en,
				Base,
			);
			mainGroup = DEA065CF2B547E7400BB6D0D;
			packageReferences = (
				DEA066242B54B42B00BB6D0D /* XCRemoteSwiftPackageReference "firebase-ios-sdk" */,
			);
			productRefGroup = DEA065D92B547E7400BB6D0D /* Products */;
			projectDirPath = "";
			projectRoot = "";
			targets = (
				DEA065D72B547E7400BB6D0D /* Decks for Appreciation */,
				DEA065E72B547E7500BB6D0D /* Decks for AppreciationTests */,
				DEA065F12B547E7500BB6D0D /* Decks for AppreciationUITests */,
			);
		};
/* End PBXProject section */

/* Begin PBXResourcesBuildPhase section */
		DEA065D62B547E7400BB6D0D /* Resources */ = {
			isa = PBXResourcesBuildPhase;
			buildActionMask = 2147483647;
			files = (
				DEA066142B549BF800BB6D0D /* Decks of Appreciation.png in Resources */,
				DEA066232B54B23300BB6D0D /* GoogleService-Info.plist in Resources */,
				DEA065E02B547E7500BB6D0D /* Assets.xcassets in Resources */,
			);
			runOnlyForDeploymentPostprocessing = 0;
		};
		DEA065E62B547E7500BB6D0D /* Resources */ = {
			isa = PBXResourcesBuildPhase;
			buildActionMask = 2147483647;
			files = (
			);
			runOnlyForDeploymentPostprocessing = 0;
		};
		DEA065F02B547E7500BB6D0D /* Resources */ = {
			isa = PBXResourcesBuildPhase;
			buildActionMask = 2147483647;
			files = (
			);
			runOnlyForDeploymentPostprocessing = 0;
		};
/* End PBXResourcesBuildPhase section */

/* Begin PBXSourcesBuildPhase section */
		DEA065D42B547E7400BB6D0D /* Sources */ = {
			isa = PBXSourcesBuildPhase;
			buildActionMask = 2147483647;
			files = (
				DEA066122B549A9800BB6D0D /* LoginView.swift in Sources */,
				DEA066172B549D7B00BB6D0D /* InputView.swift in Sources */,
				DEA065DE2B547E7400BB6D0D /* ContentView.swift in Sources */,
				DEA066102B549A4500BB6D0D /* Decks_for_AppreciationApp.swift in Sources */,
				DEA066212B54ABD300BB6D0D /* User.swift in Sources */,
				DEA0661B2B54A7CE00BB6D0D /* ProfileView.swift in Sources */,
				DEA066192B54A42900BB6D0D /* RegistrationView.swift in Sources */,
				DEA0661F2B54A9C600BB6D0D /* SettingsRowView.swift in Sources */,
				DEA066302B54B47400BB6D0D /* AuthViewModel.swift in Sources */,
			);
			runOnlyForDeploymentPostprocessing = 0;
		};
		DEA065E42B547E7500BB6D0D /* Sources */ = {
			isa = PBXSourcesBuildPhase;
			buildActionMask = 2147483647;
			files = (
			);
			runOnlyForDeploymentPostprocessing = 0;
		};
		DEA065EE2B547E7500BB6D0D /* Sources */ = {
			isa = PBXSourcesBuildPhase;
			buildActionMask = 2147483647;
			files = (
			);
			runOnlyForDeploymentPostprocessing = 0;
		};
/* End PBXSourcesBuildPhase section */

/* Begin PBXTargetDependency section */
		DEA065EA2B547E7500BB6D0D /* PBXTargetDependency */ = {
			isa = PBXTargetDependency;
			target = DEA065D72B547E7400BB6D0D /* Decks for Appreciation */;
			targetProxy = DEA065E92B547E7500BB6D0D /* PBXContainerItemProxy */;
		};
		DEA065F42B547E7500BB6D0D /* PBXTargetDependency */ = {
			isa = PBXTargetDependency;
			target = DEA065D72B547E7400BB6D0D /* Decks for Appreciation */;
			targetProxy = DEA065F32B547E7500BB6D0D /* PBXContainerItemProxy */;
		};
/* End PBXTargetDependency section */

/* Begin XCBuildConfiguration section */
		DEA065FA2B547E7500BB6D0D /* Debug */ = {
			isa = XCBuildConfiguration;
			buildSettings = {
				ALWAYS_SEARCH_USER_PATHS = NO;
				ASSETCATALOG_COMPILER_GENERATE_SWIFT_ASSET_SYMBOL_EXTENSIONS = YES;
				CLANG_ANALYZER_NONNULL = YES;
				CLANG_ANALYZER_NUMBER_OBJECT_CONVERSION = YES_AGGRESSIVE;
				CLANG_CXX_LANGUAGE_STANDARD = "gnu++20";
				CLANG_ENABLE_MODULES = YES;
				CLANG_ENABLE_OBJC_ARC = YES;
				CLANG_ENABLE_OBJC_WEAK = YES;
				CLANG_WARN_BLOCK_CAPTURE_AUTORELEASING = YES;
				CLANG_WARN_BOOL_CONVERSION = YES;
				CLANG_WARN_COMMA = YES;
				CLANG_WARN_CONSTANT_CONVERSION = YES;
				CLANG_WARN_DEPRECATED_OBJC_IMPLEMENTATIONS = YES;
				CLANG_WARN_DIRECT_OBJC_ISA_USAGE = YES_ERROR;
				CLANG_WARN_DOCUMENTATION_COMMENTS = YES;
				CLANG_WARN_EMPTY_BODY = YES;
				CLANG_WARN_ENUM_CONVERSION = YES;
				CLANG_WARN_INFINITE_RECURSION = YES;
				CLANG_WARN_INT_CONVERSION = YES;
				CLANG_WARN_NON_LITERAL_NULL_CONVERSION = YES;
				CLANG_WARN_OBJC_IMPLICIT_RETAIN_SELF = YES;
				CLANG_WARN_OBJC_LITERAL_CONVERSION = YES;
				CLANG_WARN_OBJC_ROOT_CLASS = YES_ERROR;
				CLANG_WARN_QUOTED_INCLUDE_IN_FRAMEWORK_HEADER = YES;
				CLANG_WARN_RANGE_LOOP_ANALYSIS = YES;
				CLANG_WARN_STRICT_PROTOTYPES = YES;
				CLANG_WARN_SUSPICIOUS_MOVE = YES;
				CLANG_WARN_UNGUARDED_AVAILABILITY = YES_AGGRESSIVE;
				CLANG_WARN_UNREACHABLE_CODE = YES;
				CLANG_WARN__DUPLICATE_METHOD_MATCH = YES;
				COPY_PHASE_STRIP = NO;
				DEBUG_INFORMATION_FORMAT = dwarf;
				ENABLE_STRICT_OBJC_MSGSEND = YES;
				ENABLE_TESTABILITY = YES;
				ENABLE_USER_SCRIPT_SANDBOXING = YES;
				GCC_C_LANGUAGE_STANDARD = gnu17;
				GCC_DYNAMIC_NO_PIC = NO;
				GCC_NO_COMMON_BLOCKS = YES;
				GCC_OPTIMIZATION_LEVEL = 0;
				GCC_PREPROCESSOR_DEFINITIONS = (
					"DEBUG=1",
					"$(inherited)",
				);
				GCC_WARN_64_TO_32_BIT_CONVERSION = YES;
				GCC_WARN_ABOUT_RETURN_TYPE = YES_ERROR;
				GCC_WARN_UNDECLARED_SELECTOR = YES;
				GCC_WARN_UNINITIALIZED_AUTOS = YES_AGGRESSIVE;
				GCC_WARN_UNUSED_FUNCTION = YES;
				GCC_WARN_UNUSED_VARIABLE = YES;
				IPHONEOS_DEPLOYMENT_TARGET = 17.2;
				LOCALIZATION_PREFERS_STRING_CATALOGS = YES;
				MTL_ENABLE_DEBUG_INFO = INCLUDE_SOURCE;
				MTL_FAST_MATH = YES;
				ONLY_ACTIVE_ARCH = YES;
				SDKROOT = iphoneos;
				SWIFT_ACTIVE_COMPILATION_CONDITIONS = "DEBUG $(inherited)";
				SWIFT_OPTIMIZATION_LEVEL = "-Onone";
			};
			name = Debug;
		};
		DEA065FB2B547E7500BB6D0D /* Release */ = {
			isa = XCBuildConfiguration;
			buildSettings = {
				ALWAYS_SEARCH_USER_PATHS = NO;
				ASSETCATALOG_COMPILER_GENERATE_SWIFT_ASSET_SYMBOL_EXTENSIONS = YES;
				CLANG_ANALYZER_NONNULL = YES;
				CLANG_ANALYZER_NUMBER_OBJECT_CONVERSION = YES_AGGRESSIVE;
				CLANG_CXX_LANGUAGE_STANDARD = "gnu++20";
				CLANG_ENABLE_MODULES = YES;
				CLANG_ENABLE_OBJC_ARC = YES;
				CLANG_ENABLE_OBJC_WEAK = YES;
				CLANG_WARN_BLOCK_CAPTURE_AUTORELEASING = YES;
				CLANG_WARN_BOOL_CONVERSION = YES;
				CLANG_WARN_COMMA = YES;
				CLANG_WARN_CONSTANT_CONVERSION = YES;
				CLANG_WARN_DEPRECATED_OBJC_IMPLEMENTATIONS = YES;
				CLANG_WARN_DIRECT_OBJC_ISA_USAGE = YES_ERROR;
				CLANG_WARN_DOCUMENTATION_COMMENTS = YES;
				CLANG_WARN_EMPTY_BODY = YES;
				CLANG_WARN_ENUM_CONVERSION = YES;
				CLANG_WARN_INFINITE_RECURSION = YES;
				CLANG_WARN_INT_CONVERSION = YES;
				CLANG_WARN_NON_LITERAL_NULL_CONVERSION = YES;
				CLANG_WARN_OBJC_IMPLICIT_RETAIN_SELF = YES;
				CLANG_WARN_OBJC_LITERAL_CONVERSION = YES;
				CLANG_WARN_OBJC_ROOT_CLASS = YES_ERROR;
				CLANG_WARN_QUOTED_INCLUDE_IN_FRAMEWORK_HEADER = YES;
				CLANG_WARN_RANGE_LOOP_ANALYSIS = YES;
				CLANG_WARN_STRICT_PROTOTYPES = YES;
				CLANG_WARN_SUSPICIOUS_MOVE = YES;
				CLANG_WARN_UNGUARDED_AVAILABILITY = YES_AGGRESSIVE;
				CLANG_WARN_UNREACHABLE_CODE = YES;
				CLANG_WARN__DUPLICATE_METHOD_MATCH = YES;
				COPY_PHASE_STRIP = NO;
				DEBUG_INFORMATION_FORMAT = "dwarf-with-dsym";
				ENABLE_NS_ASSERTIONS = NO;
				ENABLE_STRICT_OBJC_MSGSEND = YES;
				ENABLE_USER_SCRIPT_SANDBOXING = YES;
				GCC_C_LANGUAGE_STANDARD = gnu17;
				GCC_NO_COMMON_BLOCKS = YES;
				GCC_WARN_64_TO_32_BIT_CONVERSION = YES;
				GCC_WARN_ABOUT_RETURN_TYPE = YES_ERROR;
				GCC_WARN_UNDECLARED_SELECTOR = YES;
				GCC_WARN_UNINITIALIZED_AUTOS = YES_AGGRESSIVE;
				GCC_WARN_UNUSED_FUNCTION = YES;
				GCC_WARN_UNUSED_VARIABLE = YES;
				IPHONEOS_DEPLOYMENT_TARGET = 17.2;
				LOCALIZATION_PREFERS_STRING_CATALOGS = YES;
				MTL_ENABLE_DEBUG_INFO = NO;
				MTL_FAST_MATH = YES;
				SDKROOT = iphoneos;
				SWIFT_COMPILATION_MODE = wholemodule;
				VALIDATE_PRODUCT = YES;
			};
			name = Release;
		};
		DEA065FD2B547E7500BB6D0D /* Debug */ = {
			isa = XCBuildConfiguration;
			buildSettings = {
				ASSETCATALOG_COMPILER_APPICON_NAME = AppIcon;
				ASSETCATALOG_COMPILER_GLOBAL_ACCENT_COLOR_NAME = AccentColor;
				CODE_SIGN_STYLE = Automatic;
				CURRENT_PROJECT_VERSION = 1;
				DEVELOPMENT_ASSET_PATHS = "\"Decks for Appreciation/Preview Content\"";
				ENABLE_PREVIEWS = YES;
				GENERATE_INFOPLIST_FILE = YES;
				INFOPLIST_KEY_UIApplicationSceneManifest_Generation = YES;
				INFOPLIST_KEY_UIApplicationSupportsIndirectInputEvents = YES;
				INFOPLIST_KEY_UILaunchScreen_Generation = YES;
				INFOPLIST_KEY_UISupportedInterfaceOrientations_iPad = "UIInterfaceOrientationPortrait UIInterfaceOrientationPortraitUpsideDown UIInterfaceOrientationLandscapeLeft UIInterfaceOrientationLandscapeRight";
				INFOPLIST_KEY_UISupportedInterfaceOrientations_iPhone = "UIInterfaceOrientationPortrait UIInterfaceOrientationLandscapeLeft UIInterfaceOrientationLandscapeRight";
				LD_RUNPATH_SEARCH_PATHS = (
					"$(inherited)",
					"@executable_path/Frameworks",
				);
				MARKETING_VERSION = 1.0;
				PRODUCT_BUNDLE_IDENTIFIER = "coding.Decks-for-Appreciation";
				PRODUCT_NAME = "$(TARGET_NAME)";
				SWIFT_EMIT_LOC_STRINGS = YES;
				SWIFT_VERSION = 5.0;
				TARGETED_DEVICE_FAMILY = "1,2";
			};
			name = Debug;
		};
		DEA065FE2B547E7500BB6D0D /* Release */ = {
			isa = XCBuildConfiguration;
			buildSettings = {
				ASSETCATALOG_COMPILER_APPICON_NAME = AppIcon;
				ASSETCATALOG_COMPILER_GLOBAL_ACCENT_COLOR_NAME = AccentColor;
				CODE_SIGN_STYLE = Automatic;
				CURRENT_PROJECT_VERSION = 1;
				DEVELOPMENT_ASSET_PATHS = "\"Decks for Appreciation/Preview Content\"";
				ENABLE_PREVIEWS = YES;
				GENERATE_INFOPLIST_FILE = YES;
				INFOPLIST_KEY_UIApplicationSceneManifest_Generation = YES;
				INFOPLIST_KEY_UIApplicationSupportsIndirectInputEvents = YES;
				INFOPLIST_KEY_UILaunchScreen_Generation = YES;
				INFOPLIST_KEY_UISupportedInterfaceOrientations_iPad = "UIInterfaceOrientationPortrait UIInterfaceOrientationPortraitUpsideDown UIInterfaceOrientationLandscapeLeft UIInterfaceOrientationLandscapeRight";
				INFOPLIST_KEY_UISupportedInterfaceOrientations_iPhone = "UIInterfaceOrientationPortrait UIInterfaceOrientationLandscapeLeft UIInterfaceOrientationLandscapeRight";
				LD_RUNPATH_SEARCH_PATHS = (
					"$(inherited)",
					"@executable_path/Frameworks",
				);
				MARKETING_VERSION = 1.0;
				PRODUCT_BUNDLE_IDENTIFIER = "coding.Decks-for-Appreciation";
				PRODUCT_NAME = "$(TARGET_NAME)";
				SWIFT_EMIT_LOC_STRINGS = YES;
				SWIFT_VERSION = 5.0;
				TARGETED_DEVICE_FAMILY = "1,2";
			};
			name = Release;
		};
		DEA066002B547E7500BB6D0D /* Debug */ = {
			isa = XCBuildConfiguration;
			buildSettings = {
				ALWAYS_EMBED_SWIFT_STANDARD_LIBRARIES = YES;
				BUNDLE_LOADER = "$(TEST_HOST)";
				CODE_SIGN_STYLE = Automatic;
				CURRENT_PROJECT_VERSION = 1;
				GENERATE_INFOPLIST_FILE = YES;
				IPHONEOS_DEPLOYMENT_TARGET = 17.2;
				MARKETING_VERSION = 1.0;
				PRODUCT_BUNDLE_IDENTIFIER = "coding.Decks-for-AppreciationTests";
				PRODUCT_NAME = "$(TARGET_NAME)";
				SWIFT_EMIT_LOC_STRINGS = NO;
				SWIFT_VERSION = 5.0;
				TARGETED_DEVICE_FAMILY = "1,2";
				TEST_HOST = "$(BUILT_PRODUCTS_DIR)/Decks for Appreciation.app/$(BUNDLE_EXECUTABLE_FOLDER_PATH)/Decks for Appreciation";
			};
			name = Debug;
		};
		DEA066012B547E7500BB6D0D /* Release */ = {
			isa = XCBuildConfiguration;
			buildSettings = {
				ALWAYS_EMBED_SWIFT_STANDARD_LIBRARIES = YES;
				BUNDLE_LOADER = "$(TEST_HOST)";
				CODE_SIGN_STYLE = Automatic;
				CURRENT_PROJECT_VERSION = 1;
				GENERATE_INFOPLIST_FILE = YES;
				IPHONEOS_DEPLOYMENT_TARGET = 17.2;
				MARKETING_VERSION = 1.0;
				PRODUCT_BUNDLE_IDENTIFIER = "coding.Decks-for-AppreciationTests";
				PRODUCT_NAME = "$(TARGET_NAME)";
				SWIFT_EMIT_LOC_STRINGS = NO;
				SWIFT_VERSION = 5.0;
				TARGETED_DEVICE_FAMILY = "1,2";
				TEST_HOST = "$(BUILT_PRODUCTS_DIR)/Decks for Appreciation.app/$(BUNDLE_EXECUTABLE_FOLDER_PATH)/Decks for Appreciation";
			};
			name = Release;
		};
		DEA066032B547E7500BB6D0D /* Debug */ = {
			isa = XCBuildConfiguration;
			buildSettings = {
				ALWAYS_EMBED_SWIFT_STANDARD_LIBRARIES = YES;
				CODE_SIGN_STYLE = Automatic;
				CURRENT_PROJECT_VERSION = 1;
				GENERATE_INFOPLIST_FILE = YES;
				MARKETING_VERSION = 1.0;
				PRODUCT_BUNDLE_IDENTIFIER = "coding.Decks-for-AppreciationUITests";
				PRODUCT_NAME = "$(TARGET_NAME)";
				SWIFT_EMIT_LOC_STRINGS = NO;
				SWIFT_VERSION = 5.0;
				TARGETED_DEVICE_FAMILY = "1,2";
				TEST_TARGET_NAME = "Decks for Appreciation";
			};
			name = Debug;
		};
		DEA066042B547E7500BB6D0D /* Release */ = {
			isa = XCBuildConfiguration;
			buildSettings = {
				ALWAYS_EMBED_SWIFT_STANDARD_LIBRARIES = YES;
				CODE_SIGN_STYLE = Automatic;
				CURRENT_PROJECT_VERSION = 1;
				GENERATE_INFOPLIST_FILE = YES;
				MARKETING_VERSION = 1.0;
				PRODUCT_BUNDLE_IDENTIFIER = "coding.Decks-for-AppreciationUITests";
				PRODUCT_NAME = "$(TARGET_NAME)";
				SWIFT_EMIT_LOC_STRINGS = NO;
				SWIFT_VERSION = 5.0;
				TARGETED_DEVICE_FAMILY = "1,2";
				TEST_TARGET_NAME = "Decks for Appreciation";
			};
			name = Release;
		};
/* End XCBuildConfiguration section */

/* Begin XCConfigurationList section */
		DEA065D32B547E7400BB6D0D /* Build configuration list for PBXProject "Decks for Appreciation" */ = {
			isa = XCConfigurationList;
			buildConfigurations = (
				DEA065FA2B547E7500BB6D0D /* Debug */,
				DEA065FB2B547E7500BB6D0D /* Release */,
			);
			defaultConfigurationIsVisible = 0;
			defaultConfigurationName = Release;
		};
		DEA065FC2B547E7500BB6D0D /* Build configuration list for PBXNativeTarget "Decks for Appreciation" */ = {
			isa = XCConfigurationList;
			buildConfigurations = (
				DEA065FD2B547E7500BB6D0D /* Debug */,
				DEA065FE2B547E7500BB6D0D /* Release */,
			);
			defaultConfigurationIsVisible = 0;
			defaultConfigurationName = Release;
		};
		DEA065FF2B547E7500BB6D0D /* Build configuration list for PBXNativeTarget "Decks for AppreciationTests" */ = {
			isa = XCConfigurationList;
			buildConfigurations = (
				DEA066002B547E7500BB6D0D /* Debug */,
				DEA066012B547E7500BB6D0D /* Release */,
			);
			defaultConfigurationIsVisible = 0;
			defaultConfigurationName = Release;
		};
		DEA066022B547E7500BB6D0D /* Build configuration list for PBXNativeTarget "Decks for AppreciationUITests" */ = {
			isa = XCConfigurationList;
			buildConfigurations = (
				DEA066032B547E7500BB6D0D /* Debug */,
				DEA066042B547E7500BB6D0D /* Release */,
			);
			defaultConfigurationIsVisible = 0;
			defaultConfigurationName = Release;
		};
/* End XCConfigurationList section */

/* Begin XCRemoteSwiftPackageReference section */
		DEA066242B54B42B00BB6D0D /* XCRemoteSwiftPackageReference "firebase-ios-sdk" */ = {
			isa = XCRemoteSwiftPackageReference;
			repositoryURL = "https://github.com/firebase/firebase-ios-sdk";
			requirement = {
				kind = upToNextMajorVersion;
				minimumVersion = 10.19.1;
			};
		};
/* End XCRemoteSwiftPackageReference section */

/* Begin XCSwiftPackageProductDependency section */
		DEA066252B54B42B00BB6D0D /* FirebaseAuth */ = {
			isa = XCSwiftPackageProductDependency;
			package = DEA066242B54B42B00BB6D0D /* XCRemoteSwiftPackageReference "firebase-ios-sdk" */;
			productName = FirebaseAuth;
		};
		DEA066272B54B42B00BB6D0D /* FirebaseFirestore */ = {
			isa = XCSwiftPackageProductDependency;
			package = DEA066242B54B42B00BB6D0D /* XCRemoteSwiftPackageReference "firebase-ios-sdk" */;
			productName = FirebaseFirestore;
		};
		DEA066292B54B42B00BB6D0D /* FirebaseFirestoreSwift */ = {
			isa = XCSwiftPackageProductDependency;
			package = DEA066242B54B42B00BB6D0D /* XCRemoteSwiftPackageReference "firebase-ios-sdk" */;
			productName = FirebaseFirestoreSwift;
		};
		DEA0662B2B54B42B00BB6D0D /* FirebaseStorage */ = {
			isa = XCSwiftPackageProductDependency;
			package = DEA066242B54B42B00BB6D0D /* XCRemoteSwiftPackageReference "firebase-ios-sdk" */;
			productName = FirebaseStorage;
		};
/* End XCSwiftPackageProductDependency section */
	};
	rootObject = DEA065D02B547E7400BB6D0D /* Project object */;
}
