// !$*UTF8*$!
{
	archiveVersion = 1;
	classes = {
	};
	objectVersion = 56;
	objects = {

/* Begin PBXBuildFile section */
		DEA065DC2B547E7400BB6D0D /* Decks_for_AppreciationApp.swift in Sources */ = {isa = PBXBuildFile; fileRef = DEA065DB2B547E7400BB6D0D /* Decks_for_AppreciationApp.swift */; };
		DEA065DE2B547E7400BB6D0D /* ContentView.swift in Sources */ = {isa = PBXBuildFile; fileRef = DEA065DD2B547E7400BB6D0D /* ContentView.swift */; };
		DEA065E02B547E7500BB6D0D /* Assets.xcassets in Resources */ = {isa = PBXBuildFile; fileRef = DEA065DF2B547E7500BB6D0D /* Assets.xcassets */; };
		DEA065E32B547E7500BB6D0D /* Preview Assets.xcassets in Resources */ = {isa = PBXBuildFile; fileRef = DEA065E22B547E7500BB6D0D /* Preview Assets.xcassets */; };
/* End PBXBuildFile section */

/* Begin PBXContainerItemProxy section */
		DEA065E92B547E7500BB6D0D /* PBXContainerItemProxy */ = {
			isa = PBXContainerItemProxy;
			containerPortal = DEA065D02B547E7400BB6D0D /* Project object */;
			proxyType = 1;
			remoteGlobalIDString = DEA065D72B547E7400BB6D0D;
			remoteInfo = "Decks for Appreciation";
		};
		DEA065F32B547E7500BB6D0D /* PBXContainerItemProxy */ = {
			isa = PBXContainerItemProxy;
			containerPortal = DEA065D02B547E7400BB6D0D /* Project object */;
			proxyType = 1;
			remoteGlobalIDString = DEA065D72B547E7400BB6D0D;
			remoteInfo = "Decks for Appreciation";
		};
/* End PBXContainerItemProxy section */

/* Begin PBXFileReference section */
		DEA065D82B547E7400BB6D0D /* Decks for Appreciation.app */ = {isa = PBXFileReference; explicitFileType = wrapper.application; includeInIndex = 0; path = "Decks for Appreciation.app"; sourceTree = BUILT_PRODUCTS_DIR; };
		DEA065DB2B547E7400BB6D0D /* Decks_for_AppreciationApp.swift */ = {isa = PBXFileReference; lastKnownFileType = sourcecode.swift; path = Decks_for_AppreciationApp.swift; sourceTree = "<group>"; };
		DEA065DD2B547E7400BB6D0D /* ContentView.swift */ = {isa = PBXFileReference; lastKnownFileType = sourcecode.swift; path = ContentView.swift; sourceTree = "<group>"; };
		DEA065DF2B547E7500BB6D0D /* Assets.xcassets */ = {isa = PBXFileReference; lastKnownFileType = folder.assetcatalog; path = Assets.xcassets; sourceTree = "<group>"; };
		DEA065E22B547E7500BB6D0D /* Preview Assets.xcassets */ = {isa = PBXFileReference; lastKnownFileType = folder.assetcatalog; path = "Preview Assets.xcassets"; sourceTree = "<group>"; };
		DEA065E82B547E7500BB6D0D /* Decks for AppreciationTests.xctest */ = {isa = PBXFileReference; explicitFileType = wrapper.cfbundle; includeInIndex = 0; path = "Decks for AppreciationTests.xctest"; sourceTree = BUILT_PRODUCTS_DIR; };
		DEA065F22B547E7500BB6D0D /* Decks for AppreciationUITests.xctest */ = {isa = PBXFileReference; explicitFileType = wrapper.cfbundle; includeInIndex = 0; path = "Decks for AppreciationUITests.xctest"; sourceTree = BUILT_PRODUCTS_DIR; };
/* End PBXFileReference section */

/* Begin PBXFrameworksBuildPhase section */
		DEA065D52B547E7400BB6D0D /* Frameworks */ = {
			isa = PBXFrameworksBuildPhase;
			buildActionMask = 2147483647;
			files = (
			);
			runOnlyForDeploymentPostprocessing = 0;
		};
		DEA065E52B547E7500BB6D0D /* Frameworks */ = {
			isa = PBXFrameworksBuildPhase;
			buildActionMask = 2147483647;
			files = (
			);
			runOnlyForDeploymentPostprocessing = 0;
		};
		DEA065EF2B547E7500BB6D0D /* Frameworks */ = {
			isa = PBXFrameworksBuildPhase;
			buildActionMask = 2147483647;
			files = (
			);
			runOnlyForDeploymentPostprocessing = 0;
		};
/* End PBXFrameworksBuildPhase section */

/* Begin PBXGroup section */
		DEA065CF2B547E7400BB6D0D = {
			isa = PBXGroup;
			children = (
				DEA065DA2B547E7400BB6D0D /* Decks for Appreciation */,
				DEA065D92B547E7400BB6D0D /* Products */,
			);
			sourceTree = "<group>";
		};
		DEA065D92B547E7400BB6D0D /* Products */ = {
			isa = PBXGroup;
			children = (
				DEA065D82B547E7400BB6D0D /* Decks for Appreciation.app */,
				DEA065E82B547E7500BB6D0D /* Decks for AppreciationTests.xctest */,
				DEA065F22B547E7500BB6D0D /* Decks for AppreciationUITests.xctest */,
			);
			name = Products;
			sourceTree = "<group>";
		};
		DEA065DA2B547E7400BB6D0D /* Decks for Appreciation */ = {
			isa = PBXGroup;
			children = (
				DEA065DB2B547E7400BB6D0D /* Decks_for_AppreciationApp.swift */,
				DEA065DD2B547E7400BB6D0D /* ContentView.swift */,
				DEA065DF2B547E7500BB6D0D /* Assets.xcassets */,
				DEA065E12B547E7500BB6D0D /* Preview Content */,
			);
			path = "Decks for Appreciation";
			sourceTree = "<group>";
		};
		DEA065E12B547E7500BB6D0D /* Preview Content */ = {
			isa = PBXGroup;
			children = (
				DEA065E22B547E7500BB6D0D /* Preview Assets.xcassets */,
			);
			path = "Preview Content";
			sourceTree = "<group>";
		};
/* End PBXGroup section */

/* Begin PBXNativeTarget section */
		DEA065D72B547E7400BB6D0D /* Decks for Appreciation */ = {
			isa = PBXNativeTarget;
			buildConfigurationList = DEA065FC2B547E7500BB6D0D /* Build configuration list for PBXNativeTarget "Decks for Appreciation" */;
			buildPhases = (
				DEA065D42B547E7400BB6D0D /* Sources */,
				DEA065D52B547E7400BB6D0D /* Frameworks */,
				DEA065D62B547E7400BB6D0D /* Resources */,
			);
			buildRules = (
			);
			dependencies = (
			);
			name = "Decks for Appreciation";
			productName = "Decks for Appreciation";
			productReference = DEA065D82B547E7400BB6D0D /* Decks for Appreciation.app */;
			productType = "com.apple.product-type.application";
		};
		DEA065E72B547E7500BB6D0D /* Decks for AppreciationTests */ = {
			isa = PBXNativeTarget;
			buildConfigurationList = DEA065FF2B547E7500BB6D0D /* Build configuration list for PBXNativeTarget "Decks for AppreciationTests" */;
			buildPhases = (
				DEA065E42B547E7500BB6D0D /* Sources */,
				DEA065E52B547E7500BB6D0D /* Frameworks */,
				DEA065E62B547E7500BB6D0D /* Resources */,
			);
			buildRules = (
			);
			dependencies = (
				DEA065EA2B547E7500BB6D0D /* PBXTargetDependency */,
			);
			name = "Decks for AppreciationTests";
			productName = "Decks for AppreciationTests";
			productReference = DEA065E82B547E7500BB6D0D /* Decks for AppreciationTests.xctest */;
			productType = "com.apple.product-type.bundle.unit-test";
		};
		DEA065F12B547E7500BB6D0D /* Decks for AppreciationUITests */ = {
			isa = PBXNativeTarget;
			buildConfigurationList = DEA066022B547E7500BB6D0D /* Build configuration list for PBXNativeTarget "Decks for AppreciationUITests" */;
			buildPhases = (
				DEA065EE2B547E7500BB6D0D /* Sources */,
				DEA065EF2B547E7500BB6D0D /* Frameworks */,
				DEA065F02B547E7500BB6D0D /* Resources */,
			);
			buildRules = (
			);
			dependencies = (
				DEA065F42B547E7500BB6D0D /* PBXTargetDependency */,
			);
			name = "Decks for AppreciationUITests";
			productName = "Decks for AppreciationUITests";
			productReference = DEA065F22B547E7500BB6D0D /* Decks for AppreciationUITests.xctest */;
			productType = "com.apple.product-type.bundle.ui-testing";
		};
/* End PBXNativeTarget section */

/* Begin PBXProject section */
		DEA065D02B547E7400BB6D0D /* Project object */ = {
			isa = PBXProject;
			attributes = {
				BuildIndependentTargetsInParallel = 1;
				LastSwiftUpdateCheck = 1520;
				LastUpgradeCheck = 1520;
				TargetAttributes = {
					DEA065D72B547E7400BB6D0D = {
						CreatedOnToolsVersion = 15.2;
					};
					DEA065E72B547E7500BB6D0D = {
						CreatedOnToolsVersion = 15.2;
						TestTargetID = DEA065D72B547E7400BB6D0D;
					};
					DEA065F12B547E7500BB6D0D = {
						CreatedOnToolsVersion = 15.2;
						TestTargetID = DEA065D72B547E7400BB6D0D;
					};
				};
			};
			buildConfigurationList = DEA065D32B547E7400BB6D0D /* Build configuration list for PBXProject "Decks for Appreciation" */;
			compatibilityVersion = "Xcode 14.0";
			developmentRegion = en;
			hasScannedForEncodings = 0;
			knownRegions = (
				en,
				Base,
			);
			mainGroup = DEA065CF2B547E7400BB6D0D;
			productRefGroup = DEA065D92B547E7400BB6D0D /* Products */;
			projectDirPath = "";
			projectRoot = "";
			targets = (
				DEA065D72B547E7400BB6D0D /* Decks for Appreciation */,
				DEA065E72B547E7500BB6D0D /* Decks for AppreciationTests */,
				DEA065F12B547E7500BB6D0D /* Decks for AppreciationUITests */,
			);
		};
/* End PBXProject section */

/* Begin PBXResourcesBuildPhase section */
		DEA065D62B547E7400BB6D0D /* Resources */ = {
			isa = PBXResourcesBuildPhase;
			buildActionMask = 2147483647;
			files = (
				DEA065E32B547E7500BB6D0D /* Preview Assets.xcassets in Resources */,
				DEA065E02B547E7500BB6D0D /* Assets.xcassets in Resources */,
			);
			runOnlyForDeploymentPostprocessing = 0;
		};
		DEA065E62B547E7500BB6D0D /* Resources */ = {
			isa = PBXResourcesBuildPhase;
			buildActionMask = 2147483647;
			files = (
			);
			runOnlyForDeploymentPostprocessing = 0;
		};
		DEA065F02B547E7500BB6D0D /* Resources */ = {
			isa = PBXResourcesBuildPhase;
			buildActionMask = 2147483647;
			files = (
			);
			runOnlyForDeploymentPostprocessing = 0;
		};
/* End PBXResourcesBuildPhase section */

/* Begin PBXSourcesBuildPhase section */
		DEA065D42B547E7400BB6D0D /* Sources */ = {
			isa = PBXSourcesBuildPhase;
			buildActionMask = 2147483647;
			files = (
				DEA065DE2B547E7400BB6D0D /* ContentView.swift in Sources */,
				DEA065DC2B547E7400BB6D0D /* Decks_for_AppreciationApp.swift in Sources */,
			);
			runOnlyForDeploymentPostprocessing = 0;
		};
		DEA065E42B547E7500BB6D0D /* Sources */ = {
			isa = PBXSourcesBuildPhase;
			buildActionMask = 2147483647;
			files = (
			);
			runOnlyForDeploymentPostprocessing = 0;
		};
		DEA065EE2B547E7500BB6D0D /* Sources */ = {
			isa = PBXSourcesBuildPhase;
			buildActionMask = 2147483647;
			files = (
			);
			runOnlyForDeploymentPostprocessing = 0;
		};
/* End PBXSourcesBuildPhase section */

/* Begin PBXTargetDependency section */
		DEA065EA2B547E7500BB6D0D /* PBXTargetDependency */ = {
			isa = PBXTargetDependency;
			target = DEA065D72B547E7400BB6D0D /* Decks for Appreciation */;
			targetProxy = DEA065E92B547E7500BB6D0D /* PBXContainerItemProxy */;
		};
		DEA065F42B547E7500BB6D0D /* PBXTargetDependency */ = {
			isa = PBXTargetDependency;
			target = DEA065D72B547E7400BB6D0D /* Decks for Appreciation */;
			targetProxy = DEA065F32B547E7500BB6D0D /* PBXContainerItemProxy */;
		};
/* End PBXTargetDependency section */

/* Begin XCBuildConfiguration section */
		DEA065FA2B547E7500BB6D0D /* Debug */ = {
			isa = XCBuildConfiguration;
			buildSettings = {
				ALWAYS_SEARCH_USER_PATHS = NO;
				ASSETCATALOG_COMPILER_GENERATE_SWIFT_ASSET_SYMBOL_EXTENSIONS = YES;
				CLANG_ANALYZER_NONNULL = YES;
				CLANG_ANALYZER_NUMBER_OBJECT_CONVERSION = YES_AGGRESSIVE;
				CLANG_CXX_LANGUAGE_STANDARD = "gnu++20";
				CLANG_ENABLE_MODULES = YES;
				CLANG_ENABLE_OBJC_ARC = YES;
				CLANG_ENABLE_OBJC_WEAK = YES;
				CLANG_WARN_BLOCK_CAPTURE_AUTORELEASING = YES;
				CLANG_WARN_BOOL_CONVERSION = YES;
				CLANG_WARN_COMMA = YES;
				CLANG_WARN_CONSTANT_CONVERSION = YES;
				CLANG_WARN_DEPRECATED_OBJC_IMPLEMENTATIONS = YES;
				CLANG_WARN_DIRECT_OBJC_ISA_USAGE = YES_ERROR;
				CLANG_WARN_DOCUMENTATION_COMMENTS = YES;
				CLANG_WARN_EMPTY_BODY = YES;
				CLANG_WARN_ENUM_CONVERSION = YES;
				CLANG_WARN_INFINITE_RECURSION = YES;
				CLANG_WARN_INT_CONVERSION = YES;
				CLANG_WARN_NON_LITERAL_NULL_CONVERSION = YES;
				CLANG_WARN_OBJC_IMPLICIT_RETAIN_SELF = YES;
				CLANG_WARN_OBJC_LITERAL_CONVERSION = YES;
				CLANG_WARN_OBJC_ROOT_CLASS = YES_ERROR;
				CLANG_WARN_QUOTED_INCLUDE_IN_FRAMEWORK_HEADER = YES;
				CLANG_WARN_RANGE_LOOP_ANALYSIS = YES;
				CLANG_WARN_STRICT_PROTOTYPES = YES;
				CLANG_WARN_SUSPICIOUS_MOVE = YES;
				CLANG_WARN_UNGUARDED_AVAILABILITY = YES_AGGRESSIVE;
				CLANG_WARN_UNREACHABLE_CODE = YES;
				CLANG_WARN__DUPLICATE_METHOD_MATCH = YES;
				COPY_PHASE_STRIP = NO;
				DEBUG_INFORMATION_FORMAT = dwarf;
				ENABLE_STRICT_OBJC_MSGSEND = YES;
				ENABLE_TESTABILITY = YES;
				ENABLE_USER_SCRIPT_SANDBOXING = YES;
				GCC_C_LANGUAGE_STANDARD = gnu17;
				GCC_DYNAMIC_NO_PIC = NO;
				GCC_NO_COMMON_BLOCKS = YES;
				GCC_OPTIMIZATION_LEVEL = 0;
				GCC_PREPROCESSOR_DEFINITIONS = (
					"DEBUG=1",
					"$(inherited)",
				);
				GCC_WARN_64_TO_32_BIT_CONVERSION = YES;
				GCC_WARN_ABOUT_RETURN_TYPE = YES_ERROR;
				GCC_WARN_UNDECLARED_SELECTOR = YES;
				GCC_WARN_UNINITIALIZED_AUTOS = YES_AGGRESSIVE;
				GCC_WARN_UNUSED_FUNCTION = YES;
				GCC_WARN_UNUSED_VARIABLE = YES;
				IPHONEOS_DEPLOYMENT_TARGET = 17.2;
				LOCALIZATION_PREFERS_STRING_CATALOGS = YES;
				MTL_ENABLE_DEBUG_INFO = INCLUDE_SOURCE;
				MTL_FAST_MATH = YES;
				ONLY_ACTIVE_ARCH = YES;
				SDKROOT = iphoneos;
				SWIFT_ACTIVE_COMPILATION_CONDITIONS = "DEBUG $(inherited)";
				SWIFT_OPTIMIZATION_LEVEL = "-Onone";
			};
			name = Debug;
		};
		DEA065FB2B547E7500BB6D0D /* Release */ = {
			isa = XCBuildConfiguration;
			buildSettings = {
				ALWAYS_SEARCH_USER_PATHS = NO;
				ASSETCATALOG_COMPILER_GENERATE_SWIFT_ASSET_SYMBOL_EXTENSIONS = YES;
				CLANG_ANALYZER_NONNULL = YES;
				CLANG_ANALYZER_NUMBER_OBJECT_CONVERSION = YES_AGGRESSIVE;
				CLANG_CXX_LANGUAGE_STANDARD = "gnu++20";
				CLANG_ENABLE_MODULES = YES;
				CLANG_ENABLE_OBJC_ARC = YES;
				CLANG_ENABLE_OBJC_WEAK = YES;
				CLANG_WARN_BLOCK_CAPTURE_AUTORELEASING = YES;
				CLANG_WARN_BOOL_CONVERSION = YES;
				CLANG_WARN_COMMA = YES;
				CLANG_WARN_CONSTANT_CONVERSION = YES;
				CLANG_WARN_DEPRECATED_OBJC_IMPLEMENTATIONS = YES;
				CLANG_WARN_DIRECT_OBJC_ISA_USAGE = YES_ERROR;
				CLANG_WARN_DOCUMENTATION_COMMENTS = YES;
				CLANG_WARN_EMPTY_BODY = YES;
				CLANG_WARN_ENUM_CONVERSION = YES;
				CLANG_WARN_INFINITE_RECURSION = YES;
				CLANG_WARN_INT_CONVERSION = YES;
				CLANG_WARN_NON_LITERAL_NULL_CONVERSION = YES;
				CLANG_WARN_OBJC_IMPLICIT_RETAIN_SELF = YES;
				CLANG_WARN_OBJC_LITERAL_CONVERSION = YES;
				CLANG_WARN_OBJC_ROOT_CLASS = YES_ERROR;
				CLANG_WARN_QUOTED_INCLUDE_IN_FRAMEWORK_HEADER = YES;
				CLANG_WARN_RANGE_LOOP_ANALYSIS = YES;
				CLANG_WARN_STRICT_PROTOTYPES = YES;
				CLANG_WARN_SUSPICIOUS_MOVE = YES;
				CLANG_WARN_UNGUARDED_AVAILABILITY = YES_AGGRESSIVE;
				CLANG_WARN_UNREACHABLE_CODE = YES;
				CLANG_WARN__DUPLICATE_METHOD_MATCH = YES;
				COPY_PHASE_STRIP = NO;
				DEBUG_INFORMATION_FORMAT = "dwarf-with-dsym";
				ENABLE_NS_ASSERTIONS = NO;
				ENABLE_STRICT_OBJC_MSGSEND = YES;
				ENABLE_USER_SCRIPT_SANDBOXING = YES;
				GCC_C_LANGUAGE_STANDARD = gnu17;
				GCC_NO_COMMON_BLOCKS = YES;
				GCC_WARN_64_TO_32_BIT_CONVERSION = YES;
				GCC_WARN_ABOUT_RETURN_TYPE = YES_ERROR;
				GCC_WARN_UNDECLARED_SELECTOR = YES;
				GCC_WARN_UNINITIALIZED_AUTOS = YES_AGGRESSIVE;
				GCC_WARN_UNUSED_FUNCTION = YES;
				GCC_WARN_UNUSED_VARIABLE = YES;
				IPHONEOS_DEPLOYMENT_TARGET = 17.2;
				LOCALIZATION_PREFERS_STRING_CATALOGS = YES;
				MTL_ENABLE_DEBUG_INFO = NO;
				MTL_FAST_MATH = YES;
				SDKROOT = iphoneos;
				SWIFT_COMPILATION_MODE = wholemodule;
				VALIDATE_PRODUCT = YES;
			};
			name = Release;
		};
		DEA065FD2B547E7500BB6D0D /* Debug */ = {
			isa = XCBuildConfiguration;
			buildSettings = {
				ASSETCATALOG_COMPILER_APPICON_NAME = AppIcon;
				ASSETCATALOG_COMPILER_GLOBAL_ACCENT_COLOR_NAME = AccentColor;
				CODE_SIGN_STYLE = Automatic;
				CURRENT_PROJECT_VERSION = 1;
				DEVELOPMENT_ASSET_PATHS = "\"Decks for Appreciation/Preview Content\"";
				ENABLE_PREVIEWS = YES;
				GENERATE_INFOPLIST_FILE = YES;
				INFOPLIST_KEY_UIApplicationSceneManifest_Generation = YES;
				INFOPLIST_KEY_UIApplicationSupportsIndirectInputEvents = YES;
				INFOPLIST_KEY_UILaunchScreen_Generation = YES;
				INFOPLIST_KEY_UISupportedInterfaceOrientations_iPad = "UIInterfaceOrientationPortrait UIInterfaceOrientationPortraitUpsideDown UIInterfaceOrientationLandscapeLeft UIInterfaceOrientationLandscapeRight";
				INFOPLIST_KEY_UISupportedInterfaceOrientations_iPhone = "UIInterfaceOrientationPortrait UIInterfaceOrientationLandscapeLeft UIInterfaceOrientationLandscapeRight";
				LD_RUNPATH_SEARCH_PATHS = (
					"$(inherited)",
					"@executable_path/Frameworks",
				);
				MARKETING_VERSION = 1.0;
				PRODUCT_BUNDLE_IDENTIFIER = "coding.Decks-for-Appreciation";
				PRODUCT_NAME = "$(TARGET_NAME)";
				SWIFT_EMIT_LOC_STRINGS = YES;
				SWIFT_VERSION = 5.0;
				TARGETED_DEVICE_FAMILY = "1,2";
			};
			name = Debug;
		};
		DEA065FE2B547E7500BB6D0D /* Release */ = {
			isa = XCBuildConfiguration;
			buildSettings = {
				ASSETCATALOG_COMPILER_APPICON_NAME = AppIcon;
				ASSETCATALOG_COMPILER_GLOBAL_ACCENT_COLOR_NAME = AccentColor;
				CODE_SIGN_STYLE = Automatic;
				CURRENT_PROJECT_VERSION = 1;
				DEVELOPMENT_ASSET_PATHS = "\"Decks for Appreciation/Preview Content\"";
				ENABLE_PREVIEWS = YES;
				GENERATE_INFOPLIST_FILE = YES;
				INFOPLIST_KEY_UIApplicationSceneManifest_Generation = YES;
				INFOPLIST_KEY_UIApplicationSupportsIndirectInputEvents = YES;
				INFOPLIST_KEY_UILaunchScreen_Generation = YES;
				INFOPLIST_KEY_UISupportedInterfaceOrientations_iPad = "UIInterfaceOrientationPortrait UIInterfaceOrientationPortraitUpsideDown UIInterfaceOrientationLandscapeLeft UIInterfaceOrientationLandscapeRight";
				INFOPLIST_KEY_UISupportedInterfaceOrientations_iPhone = "UIInterfaceOrientationPortrait UIInterfaceOrientationLandscapeLeft UIInterfaceOrientationLandscapeRight";
				LD_RUNPATH_SEARCH_PATHS = (
					"$(inherited)",
					"@executable_path/Frameworks",
				);
				MARKETING_VERSION = 1.0;
				PRODUCT_BUNDLE_IDENTIFIER = "coding.Decks-for-Appreciation";
				PRODUCT_NAME = "$(TARGET_NAME)";
				SWIFT_EMIT_LOC_STRINGS = YES;
				SWIFT_VERSION = 5.0;
				TARGETED_DEVICE_FAMILY = "1,2";
			};
			name = Release;
		};
		DEA066002B547E7500BB6D0D /* Debug */ = {
			isa = XCBuildConfiguration;
			buildSettings = {
				ALWAYS_EMBED_SWIFT_STANDARD_LIBRARIES = YES;
				BUNDLE_LOADER = "$(TEST_HOST)";
				CODE_SIGN_STYLE = Automatic;
				CURRENT_PROJECT_VERSION = 1;
				GENERATE_INFOPLIST_FILE = YES;
				IPHONEOS_DEPLOYMENT_TARGET = 17.2;
				MARKETING_VERSION = 1.0;
				PRODUCT_BUNDLE_IDENTIFIER = "coding.Decks-for-AppreciationTests";
				PRODUCT_NAME = "$(TARGET_NAME)";
				SWIFT_EMIT_LOC_STRINGS = NO;
				SWIFT_VERSION = 5.0;
				TARGETED_DEVICE_FAMILY = "1,2";
				TEST_HOST = "$(BUILT_PRODUCTS_DIR)/Decks for Appreciation.app/$(BUNDLE_EXECUTABLE_FOLDER_PATH)/Decks for Appreciation";
			};
			name = Debug;
		};
		DEA066012B547E7500BB6D0D /* Release */ = {
			isa = XCBuildConfiguration;
			buildSettings = {
				ALWAYS_EMBED_SWIFT_STANDARD_LIBRARIES = YES;
				BUNDLE_LOADER = "$(TEST_HOST)";
				CODE_SIGN_STYLE = Automatic;
				CURRENT_PROJECT_VERSION = 1;
				GENERATE_INFOPLIST_FILE = YES;
				IPHONEOS_DEPLOYMENT_TARGET = 17.2;
				MARKETING_VERSION = 1.0;
				PRODUCT_BUNDLE_IDENTIFIER = "coding.Decks-for-AppreciationTests";
				PRODUCT_NAME = "$(TARGET_NAME)";
				SWIFT_EMIT_LOC_STRINGS = NO;
				SWIFT_VERSION = 5.0;
				TARGETED_DEVICE_FAMILY = "1,2";
				TEST_HOST = "$(BUILT_PRODUCTS_DIR)/Decks for Appreciation.app/$(BUNDLE_EXECUTABLE_FOLDER_PATH)/Decks for Appreciation";
			};
			name = Release;
		};
		DEA066032B547E7500BB6D0D /* Debug */ = {
			isa = XCBuildConfiguration;
			buildSettings = {
				ALWAYS_EMBED_SWIFT_STANDARD_LIBRARIES = YES;
				CODE_SIGN_STYLE = Automatic;
				CURRENT_PROJECT_VERSION = 1;
				GENERATE_INFOPLIST_FILE = YES;
				MARKETING_VERSION = 1.0;
				PRODUCT_BUNDLE_IDENTIFIER = "coding.Decks-for-AppreciationUITests";
				PRODUCT_NAME = "$(TARGET_NAME)";
				SWIFT_EMIT_LOC_STRINGS = NO;
				SWIFT_VERSION = 5.0;
				TARGETED_DEVICE_FAMILY = "1,2";
				TEST_TARGET_NAME = "Decks for Appreciation";
			};
			name = Debug;
		};
		DEA066042B547E7500BB6D0D /* Release */ = {
			isa = XCBuildConfiguration;
			buildSettings = {
				ALWAYS_EMBED_SWIFT_STANDARD_LIBRARIES = YES;
				CODE_SIGN_STYLE = Automatic;
				CURRENT_PROJECT_VERSION = 1;
				GENERATE_INFOPLIST_FILE = YES;
				MARKETING_VERSION = 1.0;
				PRODUCT_BUNDLE_IDENTIFIER = "coding.Decks-for-AppreciationUITests";
				PRODUCT_NAME = "$(TARGET_NAME)";
				SWIFT_EMIT_LOC_STRINGS = NO;
				SWIFT_VERSION = 5.0;
				TARGETED_DEVICE_FAMILY = "1,2";
				TEST_TARGET_NAME = "Decks for Appreciation";
			};
			name = Release;
		};
/* End XCBuildConfiguration section */

/* Begin XCConfigurationList section */
		DEA065D32B547E7400BB6D0D /* Build configuration list for PBXProject "Decks for Appreciation" */ = {
			isa = XCConfigurationList;
			buildConfigurations = (
				DEA065FA2B547E7500BB6D0D /* Debug */,
				DEA065FB2B547E7500BB6D0D /* Release */,
			);
			defaultConfigurationIsVisible = 0;
			defaultConfigurationName = Release;
		};
		DEA065FC2B547E7500BB6D0D /* Build configuration list for PBXNativeTarget "Decks for Appreciation" */ = {
			isa = XCConfigurationList;
			buildConfigurations = (
				DEA065FD2B547E7500BB6D0D /* Debug */,
				DEA065FE2B547E7500BB6D0D /* Release */,
			);
			defaultConfigurationIsVisible = 0;
			defaultConfigurationName = Release;
		};
		DEA065FF2B547E7500BB6D0D /* Build configuration list for PBXNativeTarget "Decks for AppreciationTests" */ = {
			isa = XCConfigurationList;
			buildConfigurations = (
				DEA066002B547E7500BB6D0D /* Debug */,
				DEA066012B547E7500BB6D0D /* Release */,
			);
			defaultConfigurationIsVisible = 0;
			defaultConfigurationName = Release;
		};
		DEA066022B547E7500BB6D0D /* Build configuration list for PBXNativeTarget "Decks for AppreciationUITests" */ = {
			isa = XCConfigurationList;
			buildConfigurations = (
				DEA066032B547E7500BB6D0D /* Debug */,
				DEA066042B547E7500BB6D0D /* Release */,
			);
			defaultConfigurationIsVisible = 0;
			defaultConfigurationName = Release;
		};
/* End XCConfigurationList section */
	};
	rootObject = DEA065D02B547E7400BB6D0D /* Project object */;
}
